schema: '2.0'
stages:
  training_pipeline:
    cmd: python src/pipeline/training_pipeline.py
    deps:
    - path: data/raw/stud.csv
      hash: md5
      md5: 72e8feb9e6dd40e0cc9b4563bdece775
      size: 72036
    - path: src/components/data_ingestion.py
      hash: md5
      md5: 4be45d4c850b74f942f4658bc108fd6d
      size: 2242
    - path: src/components/data_transformation.py
      hash: md5
      md5: 6759f0eb9906ac7469e8e005c9090dd2
      size: 3919
    - path: src/components/model_trainer.py
      hash: md5
      md5: cc7a73b4b391a0e8d76bcc6dcb9b8c27
      size: 5076
    params:
      params.yaml:
        data.random_state: 62
        data.raw_data_path: data/raw/stud.csv
        data.test_size: 0.1
        model.depth: 16
        model.iterations: 500
        model.learning_rate: 0.1
        model.name: catboost
        training.eval_metric: accuracy
    outs:
    - path: artifacts/model.pkl
      hash: md5
      md5: 3a9c611890a32b25a0d5a1d299579cf8
      size: 760
    - path: artifacts/preprocessor.pkl
      hash: md5
      md5: ca71127a41cfd14a1d6a7de699d6ef29
      size: 3577
    - path: data/processed/test.csv
      hash: md5
      md5: 7238c4dc6cf103c66e5bf79384d45f0f
      size: 5815
    - path: data/processed/train.csv
      hash: md5
      md5: 9096e186149ac36f1a7d560c2c8aa0a2
      size: 51326
